{
  "requires": true,
  "lockfileVersion": 1,
  "dependencies": {
    "klinecharts": {
      "version": "8.6.1",
      "resolved": "https://registry.npmjs.org/klinecharts/-/klinecharts-8.6.1.tgz",
      "integrity": "sha512-1YUbcK82NTkcL9qioRpL7quU9xaqliVdBWukmYv07AYnngCWEQIEYXdSnk8abIVvBgjpGIujN8y8PP5j5XW1AA=="
    }
  }
}
